# This file is automatically @generated by Poetry 2.3.2 and should not be changed by hand.

[[package]]
name = "galois"
version = "0.4.10"
description = "A performant NumPy extension for Galois fields and their applications"
optional = false
python-versions = ">=3.7"
groups = ["main"]
files = [
    {file = "galois-0.4.10-py3-none-any.whl", hash = "sha256:9badf669915c92d9f298c7799cadad112baa21f53d816f427f55c4ec6ee9a2dc"},
    {file = "galois-0.4.10.tar.gz", hash = "sha256:94a371c995193a66798fceb079320dff154c21a0e3e0de388c06ba26f8eb574a"},
]

[package.dependencies]
numba = ">=0.55"
numpy = ">=1.21.0"
typing_extensions = ">=4.0.0"

[[package]]
name = "llvmlite"
version = "0.46.0"
description = "lightweight wrapper around basic LLVM functionality"
optional = false
python-versions = ">=3.10"
groups = ["main"]
files = [
    {file = "llvmlite-0.46.0-cp310-cp310-macosx_11_0_arm64.whl", hash = "sha256:4323177e936d61ae0f73e653e2e614284d97d14d5dd12579adc92b6c2b0597b0"},
    {file = "llvmlite-0.46.0-cp310-cp310-manylinux2014_x86_64.manylinux_2_17_x86_64.whl", hash = "sha256:0a2d461cb89537b7c20feb04c46c32e12d5ad4f0896c9dfc0f60336219ff248e"},
    {file = "llvmlite-0.46.0-cp310-cp310-manylinux_2_27_aarch64.manylinux_2_28_aarch64.whl", hash = "sha256:b1f6595a35b7b39c3518b85a28bf18f45e075264e4b2dce3f0c2a4f232b4a910"},
    {file = "llvmlite-0.46.0-cp310-cp310-win_amd64.whl", hash = "sha256:e7a34d4aa6f9a97ee006b504be6d2b8cb7f755b80ab2f344dda1ef992f828559"},
    {file = "llvmlite-0.46.0-cp311-cp311-macosx_11_0_arm64.whl", hash = "sha256:82f3d39b16f19aa1a56d5fe625883a6ab600d5cc9ea8906cca70ce94cabba067"},
    {file = "llvmlite-0.46.0-cp311-cp311-manylinux2014_x86_64.manylinux_2_17_x86_64.whl", hash = "sha256:a3df43900119803bbc52720e758c76f316a9a0f34612a886862dfe0a5591a17e"},
    {file = "llvmlite-0.46.0-cp311-cp311-manylinux_2_27_aarch64.manylinux_2_28_aarch64.whl", hash = "sha256:de183fefc8022d21b0aa37fc3e90410bc3524aed8617f0ff76732fc6c3af5361"},
    {file = "llvmlite-0.46.0-cp311-cp311-win_amd64.whl", hash = "sha256:e8b10bc585c58bdffec9e0c309bb7d51be1f2f15e169a4b4d42f2389e431eb93"},
    {file = "llvmlite-0.46.0-cp312-cp312-macosx_11_0_arm64.whl", hash = "sha256:6b9588ad4c63b4f0175a3984b85494f0c927c6b001e3a246a3a7fb3920d9a137"},
    {file = "llvmlite-0.46.0-cp312-cp312-manylinux2014_x86_64.manylinux_2_17_x86_64.whl", hash = "sha256:3535bd2bb6a2d7ae4012681ac228e5132cdb75fefb1bcb24e33f2f3e0c865ed4"},
    {file = "llvmlite-0.46.0-cp312-cp312-manylinux_2_27_aarch64.manylinux_2_28_aarch64.whl", hash = "sha256:4cbfd366e60ff87ea6cc62f50bc4cd800ebb13ed4c149466f50cf2163a473d1e"},
    {file = "llvmlite-0.46.0-cp312-cp312-win_amd64.whl", hash = "sha256:398b39db462c39563a97b912d4f2866cd37cba60537975a09679b28fbbc0fb38"},
    {file = "llvmlite-0.46.0-cp313-cp313-macosx_12_0_arm64.whl", hash = "sha256:30b60892d034bc560e0ec6654737aaa74e5ca327bd8114d82136aa071d611172"},
    {file = "llvmlite-0.46.0-cp313-cp313-manylinux2014_x86_64.manylinux_2_17_x86_64.whl", hash = "sha256:6cc19b051753368a9c9f31dc041299059ee91aceec81bd57b0e385e5d5bf1a54"},
    {file = "llvmlite-0.46.0-cp313-cp313-manylinux_2_27_aarch64.manylinux_2_28_aarch64.whl", hash = "sha256:bca185892908f9ede48c0acd547fe4dc1bafefb8a4967d47db6cf664f9332d12"},
    {file = "llvmlite-0.46.0-cp313-cp313-win_amd64.whl", hash = "sha256:67438fd30e12349ebb054d86a5a1a57fd5e87d264d2451bcfafbbbaa25b82a35"},
    {file = "llvmlite-0.46.0-cp314-cp314-macosx_12_0_arm64.whl", hash = "sha256:d252edfb9f4ac1fcf20652258e3f102b26b03eef738dc8a6ffdab7d7d341d547"},
    {file = "llvmlite-0.46.0-cp314-cp314-manylinux2014_x86_64.manylinux_2_17_x86_64.whl", hash = "sha256:379fdd1c59badeff8982cb47e4694a6143bec3bb49aa10a466e095410522064d"},
    {file = "llvmlite-0.46.0-cp314-cp314-manylinux_2_27_aarch64.manylinux_2_28_aarch64.whl", hash = "sha256:2e8cbfff7f6db0fa2c771ad24154e2a7e457c2444d7673e6de06b8b698c3b269"},
    {file = "llvmlite-0.46.0-cp314-cp314-win_amd64.whl", hash = "sha256:7821eda3ec1f18050f981819756631d60b6d7ab1a6cf806d9efefbe3f4082d61"},
    {file = "llvmlite-0.46.0.tar.gz", hash = "sha256:227c9fd6d09dce2783c18b754b7cd9d9b3b3515210c46acc2d3c5badd9870ceb"},
]

[[package]]
name = "numba"
version = "0.64.0rc1"
description = "compiling Python code using LLVM"
optional = false
python-versions = ">=3.10"
groups = ["main"]
files = [
    {file = "numba-0.64.0rc1-cp310-cp310-macosx_11_0_arm64.whl", hash = "sha256:2fe361b3270a9dbc72cfc8cdf9932edc0bf96d46b4f6cf0a1dd96c73b774c7e3"},
    {file = "numba-0.64.0rc1-cp310-cp310-manylinux2014_x86_64.manylinux_2_17_x86_64.whl", hash = "sha256:8300ca1f4c5aa11fe48aea66ae4b714ac8e545dac3b3d2c0a4d4e43983f5b9fe"},
    {file = "numba-0.64.0rc1-cp310-cp310-manylinux_2_27_aarch64.manylinux_2_28_aarch64.whl", hash = "sha256:2825bd8bfaa35ba5a86a75e7d9d598d0362be01f6fb42129608b53976ee98876"},
    {file = "numba-0.64.0rc1-cp310-cp310-win_amd64.whl", hash = "sha256:398a83f9fe463f2db49139e49e995a536d0d14b1aad30034414b0e373c6acb99"},
    {file = "numba-0.64.0rc1-cp311-cp311-macosx_11_0_arm64.whl", hash = "sha256:8ad3d700c495bb697313a8334208fc3f185e16b08aafc7a93f9219e58b5294e5"},
    {file = "numba-0.64.0rc1-cp311-cp311-manylinux2014_x86_64.manylinux_2_17_x86_64.whl", hash = "sha256:c1081628787dafa11650bb1424bb8d5e77fed7b8e3ae67e10225911c001c732e"},
    {file = "numba-0.64.0rc1-cp311-cp311-manylinux_2_27_aarch64.manylinux_2_28_aarch64.whl", hash = "sha256:92de8a62362b52eae81013c39b87cd8cff91098f6249039977f1d8ddf17a0cd6"},
    {file = "numba-0.64.0rc1-cp311-cp311-win_amd64.whl", hash = "sha256:b75ef5506164d0b6166e6f5d6ca37529e602bc51b7b5f031c35b532cb973d125"},
    {file = "numba-0.64.0rc1-cp312-cp312-macosx_11_0_arm64.whl", hash = "sha256:08d74c327ced9143205ad82a93bfd7ce35acf244f9f302b038f9d4e7883f4de8"},
    {file = "numba-0.64.0rc1-cp312-cp312-manylinux2014_x86_64.manylinux_2_17_x86_64.whl", hash = "sha256:6ae20beb8df7de754c981280196217744fff9c5966526e1a56a290f59635bc65"},
    {file = "numba-0.64.0rc1-cp312-cp312-manylinux_2_27_aarch64.manylinux_2_28_aarch64.whl", hash = "sha256:bb6b8ab0cf6f01e887a503dfab46ea01f7f4d7db397d27699772bbf87de7be56"},
    {file = "numba-0.64.0rc1-cp312-cp312-win_amd64.whl", hash = "sha256:cf45fead238f82beaaec7fda5567c5c682a6b91307c8f16a2f25fc88ad9e966f"},
    {file = "numba-0.64.0rc1-cp313-cp313-macosx_12_0_arm64.whl", hash = "sha256:6db0d9f1eb17a084756b6194b7436d5d2dc4998e9b74cfc10e0ae4407cd32e10"},
    {file = "numba-0.64.0rc1-cp313-cp313-manylinux2014_x86_64.manylinux_2_17_x86_64.whl", hash = "sha256:68cc12d5b71f82117a086cb6a9d992c779b9f830dd385ca7d7fc45972f0a1f21"},
    {file = "numba-0.64.0rc1-cp313-cp313-manylinux_2_27_aarch64.manylinux_2_28_aarch64.whl", hash = "sha256:ed14427664c250d23aae8047368b98a005cfe246bb1cc558dc8f3e866263f445"},
    {file = "numba-0.64.0rc1-cp313-cp313-win_amd64.whl", hash = "sha256:84eb0388b23cb7cd198cf48f35798f37677d569b2af6b73ad3f64dd82f54bc10"},
    {file = "numba-0.64.0rc1-cp314-cp314-macosx_12_0_arm64.whl", hash = "sha256:6348e9d1b8484fcf4c1071700acb05fbf78c90274eda858aa4b31fcd236de128"},
    {file = "numba-0.64.0rc1-cp314-cp314-manylinux2014_x86_64.manylinux_2_17_x86_64.whl", hash = "sha256:4bc2a22811d0cb6d075b4cd01ff277bbc8bd99f2351032b0c3c63f0ba1b4dd04"},
    {file = "numba-0.64.0rc1-cp314-cp314-manylinux_2_27_aarch64.manylinux_2_28_aarch64.whl", hash = "sha256:81b92e79d3dc3e2a0d8491280f47398c0b6bf9b10107eaa1449bdde2b929d3ce"},
    {file = "numba-0.64.0rc1-cp314-cp314-win_amd64.whl", hash = "sha256:eda7073d65ded76bca133f4a081f4eb9b989bd62f8ee86d6c589cb32863ca3a1"},
    {file = "numba-0.64.0rc1.tar.gz", hash = "sha256:d6ae88843308abbbaed38ff8a937e7630b90d1577c180b31095553c5f081f07b"},
]

[package.dependencies]
llvmlite = "==0.46.*"
numpy = ">=1.22,<2.5"

[[package]]
name = "numpy"
version = "2.4.2"
description = "Fundamental package for array computing in Python"
optional = false
python-versions = ">=3.11"
groups = ["main"]
files = [
    {file = "numpy-2.4.2-cp311-cp311-macosx_10_9_x86_64.whl", hash = "sha256:e7e88598032542bd49af7c4747541422884219056c268823ef6e5e89851c8825"},
    {file = "numpy-2.4.2-cp311-cp311-macosx_11_0_arm64.whl", hash = "sha256:7edc794af8b36ca37ef5fcb5e0d128c7e0595c7b96a2318d1badb6fcd8ee86b1"},
    {file = "numpy-2.4.2-cp311-cp311-macosx_14_0_arm64.whl", hash = "sha256:6e9f61981ace1360e42737e2bae58b27bf28a1b27e781721047d84bd754d32e7"},
    {file = "numpy-2.4.2-cp311-cp311-macosx_14_0_x86_64.whl", hash = "sha256:cb7bbb88aa74908950d979eeaa24dbdf1a865e3c7e45ff0121d8f70387b55f73"},
    {file = "numpy-2.4.2-cp311-cp311-manylinux_2_27_aarch64.manylinux_2_28_aarch64.whl", hash = "sha256:4f069069931240b3fc703f1e23df63443dbd6390614c8c44a87d96cd0ec81eb1"},
    {file = "numpy-2.4.2-cp311-cp311-manylinux_2_27_x86_64.manylinux_2_28_x86_64.whl", hash = "sha256:c02ef4401a506fb60b411467ad501e1429a3487abca4664871d9ae0b46c8ba32"},
    {file = "numpy-2.4.2-cp311-cp311-musllinux_1_2_aarch64.whl", hash = "sha256:2653de5c24910e49c2b106499803124dde62a5a1fe0eedeaecf4309a5f639390"},
    {file = "numpy-2.4.2-cp311-cp311-musllinux_1_2_x86_64.whl", hash = "sha256:1ae241bbfc6ae276f94a170b14785e561cb5e7f626b6688cf076af4110887413"},
    {file = "numpy-2.4.2-cp311-cp311-win32.whl", hash = "sha256:df1b10187212b198dd45fa943d8985a3c8cf854aed4923796e0e019e113a1bda"},
    {file = "numpy-2.4.2-cp311-cp311-win_amd64.whl", hash = "sha256:b9c618d56a29c9cb1c4da979e9899be7578d2e0b3c24d52079c166324c9e8695"},
    {file = "numpy-2.4.2-cp311-cp311-win_arm64.whl", hash = "sha256:47c5a6ed21d9452b10227e5e8a0e1c22979811cad7dcc19d8e3e2fb8fa03f1a3"},
    {file = "numpy-2.4.2-cp312-cp312-macosx_10_13_x86_64.whl", hash = "sha256:21982668592194c609de53ba4933a7471880ccbaadcc52352694a59ecc860b3a"},
    {file = "numpy-2.4.2-cp312-cp312-macosx_11_0_arm64.whl", hash = "sha256:40397bda92382fcec844066efb11f13e1c9a3e2a8e8f318fb72ed8b6db9f60f1"},
    {file = "numpy-2.4.2-cp312-cp312-macosx_14_0_arm64.whl", hash = "sha256:b3a24467af63c67829bfaa61eecf18d5432d4f11992688537be59ecd6ad32f5e"},
    {file = "numpy-2.4.2-cp312-cp312-macosx_14_0_x86_64.whl", hash = "sha256:805cc8de9fd6e7a22da5aed858e0ab16be5a4db6c873dde1d7451c541553aa27"},
    {file = "numpy-2.4.2-cp312-cp312-manylinux_2_27_aarch64.manylinux_2_28_aarch64.whl", hash = "sha256:6d82351358ffbcdcd7b686b90742a9b86632d6c1c051016484fa0b326a0a1548"},
    {file = "numpy-2.4.2-cp312-cp312-manylinux_2_27_x86_64.manylinux_2_28_x86_64.whl", hash = "sha256:9e35d3e0144137d9fdae62912e869136164534d64a169f86438bc9561b6ad49f"},
    {file = "numpy-2.4.2-cp312-cp312-musllinux_1_2_aarch64.whl", hash = "sha256:adb6ed2ad29b9e15321d167d152ee909ec73395901b70936f029c3bc6d7f4460"},
    {file = "numpy-2.4.2-cp312-cp312-musllinux_1_2_x86_64.whl", hash = "sha256:8906e71fd8afcb76580404e2a950caef2685df3d2a57fe82a86ac8d33cc007ba"},
    {file = "numpy-2.4.2-cp312-cp312-win32.whl", hash = "sha256:ec055f6dae239a6299cace477b479cca2fc125c5675482daf1dd886933a1076f"},
    {file = "numpy-2.4.2-cp312-cp312-win_amd64.whl", hash = "sha256:209fae046e62d0ce6435fcfe3b1a10537e858249b3d9b05829e2a05218296a85"},
    {file = "numpy-2.4.2-cp312-cp312-win_arm64.whl", hash = "sha256:fbde1b0c6e81d56f5dccd95dd4a711d9b95df1ae4009a60887e56b27e8d903fa"},
    {file = "numpy-2.4.2-cp313-cp313-macosx_10_13_x86_64.whl", hash = "sha256:25f2059807faea4b077a2b6837391b5d830864b3543627f381821c646f31a63c"},
    {file = "numpy-2.4.2-cp313-cp313-macosx_11_0_arm64.whl", hash = "sha256:bd3a7a9f5847d2fb8c2c6d1c862fa109c31a9abeca1a3c2bd5a64572955b2979"},
    {file = "numpy-2.4.2-cp313-cp313-macosx_14_0_arm64.whl", hash = "sha256:8e4549f8a3c6d13d55041925e912bfd834285ef1dd64d6bc7d542583355e2e98"},
    {file = "numpy-2.4.2-cp313-cp313-macosx_14_0_x86_64.whl", hash = "sha256:aea4f66ff44dfddf8c2cffd66ba6538c5ec67d389285292fe428cb2c738c8aef"},
    {file = "numpy-2.4.2-cp313-cp313-manylinux_2_27_aarch64.manylinux_2_28_aarch64.whl", hash = "sha256:c3cd545784805de05aafe1dde61752ea49a359ccba9760c1e5d1c88a93bbf2b7"},
    {file = "numpy-2.4.2-cp313-cp313-manylinux_2_27_x86_64.manylinux_2_28_x86_64.whl", hash = "sha256:d0d9b7c93578baafcbc5f0b83eaf17b79d345c6f36917ba0c67f45226911d499"},
    {file = "numpy-2.4.2-cp313-cp313-musllinux_1_2_aarch64.whl", hash = "sha256:f74f0f7779cc7ae07d1810aab8ac6b1464c3eafb9e283a40da7309d5e6e48fbb"},
    {file = "numpy-2.4.2-cp313-cp313-musllinux_1_2_x86_64.whl", hash = "sha256:c7ac672d699bf36275c035e16b65539931347d68b70667d28984c9fb34e07fa7"},
    {file = "numpy-2.4.2-cp313-cp313-win32.whl", hash = "sha256:8e9afaeb0beff068b4d9cd20d322ba0ee1cecfb0b08db145e4ab4dd44a6b5110"},
    {file = "numpy-2.4.2-cp313-cp313-win_amd64.whl", hash = "sha256:7df2de1e4fba69a51c06c28f5a3de36731eb9639feb8e1cf7e4a7b0daf4cf622"},
    {file = "numpy-2.4.2-cp313-cp313-win_arm64.whl", hash = "sha256:0fece1d1f0a89c16b03442eae5c56dc0be0c7883b5d388e0c03f53019a4bfd71"},
    {file = "numpy-2.4.2-cp313-cp313t-macosx_11_0_arm64.whl", hash = "sha256:5633c0da313330fd20c484c78cdd3f9b175b55e1a766c4a174230c6b70ad8262"},
    {file = "numpy-2.4.2-cp313-cp313t-macosx_14_0_arm64.whl", hash = "sha256:d9f64d786b3b1dd742c946c42d15b07497ed14af1a1f3ce840cce27daa0ce913"},
    {file = "numpy-2.4.2-cp313-cp313t-macosx_14_0_x86_64.whl", hash = "sha256:b21041e8cb6a1eb5312dd1d2f80a94d91efffb7a06b70597d44f1bd2dfc315ab"},
    {file = "numpy-2.4.2-cp313-cp313t-manylinux_2_27_aarch64.manylinux_2_28_aarch64.whl", hash = "sha256:00ab83c56211a1d7c07c25e3217ea6695e50a3e2f255053686b081dc0b091a82"},
    {file = "numpy-2.4.2-cp313-cp313t-manylinux_2_27_x86_64.manylinux_2_28_x86_64.whl", hash = "sha256:2fb882da679409066b4603579619341c6d6898fc83a8995199d5249f986e8e8f"},
    {file = "numpy-2.4.2-cp313-cp313t-musllinux_1_2_aarch64.whl", hash = "sha256:66cb9422236317f9d44b67b4d18f44efe6e9c7f8794ac0462978513359461554"},
    {file = "numpy-2.4.2-cp313-cp313t-musllinux_1_2_x86_64.whl", hash = "sha256:0f01dcf33e73d80bd8dc0f20a71303abbafa26a19e23f6b68d1aa9990af90257"},
    {file = "numpy-2.4.2-cp313-cp313t-win32.whl", hash = "sha256:52b913ec40ff7ae845687b0b34d8d93b60cb66dcee06996dd5c99f2fc9328657"},
    {file = "numpy-2.4.2-cp313-cp313t-win_amd64.whl", hash = "sha256:5eea80d908b2c1f91486eb95b3fb6fab187e569ec9752ab7d9333d2e66bf2d6b"},
    {file = "numpy-2.4.2-cp313-cp313t-win_arm64.whl", hash = "sha256:fd49860271d52127d61197bb50b64f58454e9f578cb4b2c001a6de8b1f50b0b1"},
    {file = "numpy-2.4.2-cp314-cp314-macosx_10_15_x86_64.whl", hash = "sha256:444be170853f1f9d528428eceb55f12918e4fda5d8805480f36a002f1415e09b"},
    {file = "numpy-2.4.2-cp314-cp314-macosx_11_0_arm64.whl", hash = "sha256:d1240d50adff70c2a88217698ca844723068533f3f5c5fa6ee2e3220e3bdb000"},
    {file = "numpy-2.4.2-cp314-cp314-macosx_14_0_arm64.whl", hash = "sha256:7cdde6de52fb6664b00b056341265441192d1291c130e99183ec0d4b110ff8b1"},
    {file = "numpy-2.4.2-cp314-cp314-macosx_14_0_x86_64.whl", hash = "sha256:cda077c2e5b780200b6b3e09d0b42205a3d1c68f30c6dceb90401c13bff8fe74"},
    {file = "numpy-2.4.2-cp314-cp314-manylinux_2_27_aarch64.manylinux_2_28_aarch64.whl", hash = "sha256:d30291931c915b2ab5717c2974bb95ee891a1cf22ebc16a8006bd59cd210d40a"},
    {file = "numpy-2.4.2-cp314-cp314-manylinux_2_27_x86_64.manylinux_2_28_x86_64.whl", hash = "sha256:bba37bc29d4d85761deed3954a1bc62be7cf462b9510b51d367b769a8c8df325"},
    {file = "numpy-2.4.2-cp314-cp314-musllinux_1_2_aarch64.whl", hash = "sha256:b2f0073ed0868db1dcd86e052d37279eef185b9c8db5bf61f30f46adac63c909"},
    {file = "numpy-2.4.2-cp314-cp314-musllinux_1_2_x86_64.whl", hash = "sha256:7f54844851cdb630ceb623dcec4db3240d1ac13d4990532446761baede94996a"},
    {file = "numpy-2.4.2-cp314-cp314-win32.whl", hash = "sha256:12e26134a0331d8dbd9351620f037ec470b7c75929cb8a1537f6bfe411152a1a"},
    {file = "numpy-2.4.2-cp314-cp314-win_amd64.whl", hash = "sha256:068cdb2d0d644cdb45670810894f6a0600797a69c05f1ac478e8d31670b8ee75"},
    {file = "numpy-2.4.2-cp314-cp314-win_arm64.whl", hash = "sha256:6ed0be1ee58eef41231a5c943d7d1375f093142702d5723ca2eb07db9b934b05"},
    {file = "numpy-2.4.2-cp314-cp314t-macosx_11_0_arm64.whl", hash = "sha256:98f16a80e917003a12c0580f97b5f875853ebc33e2eaa4bccfc8201ac6869308"},
    {file = "numpy-2.4.2-cp314-cp314t-macosx_14_0_arm64.whl", hash = "sha256:20abd069b9cda45874498b245c8015b18ace6de8546bf50dfa8cea1696ed06ef"},
    {file = "numpy-2.4.2-cp314-cp314t-macosx_14_0_x86_64.whl", hash = "sha256:e98c97502435b53741540a5717a6749ac2ada901056c7db951d33e11c885cc7d"},
    {file = "numpy-2.4.2-cp314-cp314t-manylinux_2_27_aarch64.manylinux_2_28_aarch64.whl", hash = "sha256:da6cad4e82cb893db4b69105c604d805e0c3ce11501a55b5e9f9083b47d2ffe8"},
    {file = "numpy-2.4.2-cp314-cp314t-manylinux_2_27_x86_64.manylinux_2_28_x86_64.whl", hash = "sha256:9e4424677ce4b47fe73c8b5556d876571f7c6945d264201180db2dc34f676ab5"},
    {file = "numpy-2.4.2-cp314-cp314t-musllinux_1_2_aarch64.whl", hash = "sha256:2b8f157c8a6f20eb657e240f8985cc135598b2b46985c5bccbde7616dc9c6b1e"},
    {file = "numpy-2.4.2-cp314-cp314t-musllinux_1_2_x86_64.whl", hash = "sha256:5daf6f3914a733336dab21a05cdec343144600e964d2fcdabaac0c0269874b2a"},
    {file = "numpy-2.4.2-cp314-cp314t-win32.whl", hash = "sha256:8c50dd1fc8826f5b26a5ee4d77ca55d88a895f4e4819c7ecc2a9f5905047a443"},
    {file = "numpy-2.4.2-cp314-cp314t-win_amd64.whl", hash = "sha256:fcf92bee92742edd401ba41135185866f7026c502617f422eb432cfeca4fe236"},
    {file = "numpy-2.4.2-cp314-cp314t-win_arm64.whl", hash = "sha256:1f92f53998a17265194018d1cc321b2e96e900ca52d54c7c77837b71b9465181"},
    {file = "numpy-2.4.2-pp311-pypy311_pp73-macosx_10_15_x86_64.whl", hash = "sha256:89f7268c009bc492f506abd6f5265defa7cb3f7487dc21d357c3d290add45082"},
    {file = "numpy-2.4.2-pp311-pypy311_pp73-macosx_11_0_arm64.whl", hash = "sha256:e6dee3bb76aa4009d5a912180bf5b2de012532998d094acee25d9cb8dee3e44a"},
    {file = "numpy-2.4.2-pp311-pypy311_pp73-macosx_14_0_arm64.whl", hash = "sha256:cd2bd2bbed13e213d6b55dc1d035a4f91748a7d3edc9480c13898b0353708920"},
    {file = "numpy-2.4.2-pp311-pypy311_pp73-macosx_14_0_x86_64.whl", hash = "sha256:cf28c0c1d4c4bf00f509fa7eb02c58d7caf221b50b467bcb0d9bbf1584d5c821"},
    {file = "numpy-2.4.2-pp311-pypy311_pp73-manylinux_2_27_aarch64.manylinux_2_28_aarch64.whl", hash = "sha256:e04ae107ac591763a47398bb45b568fc38f02dbc4aa44c063f67a131f99346cb"},
    {file = "numpy-2.4.2-pp311-pypy311_pp73-manylinux_2_27_x86_64.manylinux_2_28_x86_64.whl", hash = "sha256:602f65afdef699cda27ec0b9224ae5dc43e328f4c24c689deaf77133dbee74d0"},
    {file = "numpy-2.4.2-pp311-pypy311_pp73-win_amd64.whl", hash = "sha256:be71bf1edb48ebbbf7f6337b5bfd2f895d1902f6335a5830b20141fc126ffba0"},
    {file = "numpy-2.4.2.tar.gz", hash = "sha256:659a6107e31a83c4e33f763942275fd278b21d095094044eb35569e86a21ddae"},
]

[[package]]
name = "typing-extensions"
version = "4.15.0"
description = "Backported and Experimental Type Hints for Python 3.9+"
optional = false
python-versions = ">=3.9"
groups = ["main"]
files = [
    {file = "typing_extensions-4.15.0-py3-none-any.whl", hash = "sha256:f0fa19c6845758ab08074a0cfa8b7aecb71c999ca73d62883bc25cc018c4e548"},
    {file = "typing_extensions-4.15.0.tar.gz", hash = "sha256:0cea48d173cc12fa28ecabc3b837ea3cf6f38c6d1136f85cbaaf598984861466"},
]

[metadata]
lock-version = "2.1"
python-versions = ">=3.14"
content-hash = "345ac9a422424fa2255e4b794f241107dd5f7edeca807228725d9dfccb344913"
